// !$*UTF8*$!
{
	archiveVersion = 1;
	classes = {
	};
	objectVersion = 50;
	objects = {

/* Begin PBXBuildFile section */
		3B0BEFD2229E6D97009E06D1 /* AppDelegate.swift in Sources */ = {isa = PBXBuildFile; fileRef = 3B0BEFD1229E6D97009E06D1 /* AppDelegate.swift */; };
		3B0BEFD4229E6D97009E06D1 /* ViewController.swift in Sources */ = {isa = PBXBuildFile; fileRef = 3B0BEFD3229E6D97009E06D1 /* ViewController.swift */; };
		3B0BEFD7229E6D97009E06D1 /* Main.storyboard in Resources */ = {isa = PBXBuildFile; fileRef = 3B0BEFD5229E6D97009E06D1 /* Main.storyboard */; };
		3B0BEFD9229E6D99009E06D1 /* Assets.xcassets in Resources */ = {isa = PBXBuildFile; fileRef = 3B0BEFD8229E6D99009E06D1 /* Assets.xcassets */; };
		3B0BEFDC229E6D99009E06D1 /* LaunchScreen.storyboard in Resources */ = {isa = PBXBuildFile; fileRef = 3B0BEFDA229E6D99009E06D1 /* LaunchScreen.storyboard */; };
/* End PBXBuildFile section */

/* Begin PBXFileReference section */
		3B0BEFCE229E6D97009E06D1 /* MyMap.app */ = {isa = PBXFileReference; explicitFileType = wrapper.application; includeInIndex = 0; path = MyMap.app; sourceTree = BUILT_PRODUCTS_DIR; };
		3B0BEFD1229E6D97009E06D1 /* AppDelegate.swift */ = {isa = PBXFileReference; lastKnownFileType = sourcecode.swift; path = AppDelegate.swift; sourceTree = "<group>"; };
		3B0BEFD3229E6D97009E06D1 /* ViewController.swift */ = {isa = PBXFileReference; lastKnownFileType = sourcecode.swift; path = ViewController.swift; sourceTree = "<group>"; };
		3B0BEFD6229E6D97009E06D1 /* Base */ = {isa = PBXFileReference; lastKnownFileType = file.storyboard; name = Base; path = Base.lproj/Main.storyboard; sourceTree = "<group>"; };
		3B0BEFD8229E6D99009E06D1 /* Assets.xcassets */ = {isa = PBXFileReference; lastKnownFileType = folder.assetcatalog; path = Assets.xcassets; sourceTree = "<group>"; };
		3B0BEFDB229E6D99009E06D1 /* Base */ = {isa = PBXFileReference; lastKnownFileType = file.storyboard; name = Base; path = Base.lproj/LaunchScreen.storyboard; sourceTree = "<group>"; };
		3B0BEFDD229E6D99009E06D1 /* Info.plist */ = {isa = PBXFileReference; lastKnownFileType = text.plist.xml; path = Info.plist; sourceTree = "<group>"; };
		3B0FF8F022A13623003AF760 /* ja */ = {isa = PBXFileReference; lastKnownFileType = text.plist.strings; name = ja; path = ja.lproj/Main.strings; sourceTree = "<group>"; };
		3B0FF8F122A13624003AF760 /* ja */ = {isa = PBXFileReference; lastKnownFileType = text.plist.strings; name = ja; path = ja.lproj/LaunchScreen.strings; sourceTree = "<group>"; };
/* End PBXFileReference section */

/* Begin PBXFrameworksBuildPhase section */
		3B0BEFCB229E6D97009E06D1 /* Frameworks */ = {
			isa = PBXFrameworksBuildPhase;
			buildActionMask = 2147483647;
			files = (
			);
			runOnlyForDeploymentPostprocessing = 0;
		};
/* End PBXFrameworksBuildPhase section */

/* Begin PBXGroup section */
		3B0BEFC5229E6D97009E06D1 = {
			isa = PBXGroup;
			children = (
				3B0BEFD0229E6D97009E06D1 /* MyMap */,
				3B0BEFCF229E6D97009E06D1 /* Products */,
			);
			sourceTree = "<group>";
			usesTabs = 0;
		};
		3B0BEFCF229E6D97009E06D1 /* Products */ = {
			isa = PBXGroup;
			children = (
				3B0BEFCE229E6D97009E06D1 /* MyMap.app */,
			);
			name = Products;
			sourceTree = "<group>";
		};
		3B0BEFD0229E6D97009E06D1 /* MyMap */ = {
			isa = PBXGroup;
			children = (
				3B0BEFD1229E6D97009E06D1 /* AppDelegate.swift */,
				3B0BEFD3229E6D97009E06D1 /* ViewController.swift */,
				3B0BEFD5229E6D97009E06D1 /* Main.storyboard */,
				3B0BEFD8229E6D99009E06D1 /* Assets.xcassets */,
				3B0BEFDA229E6D99009E06D1 /* LaunchScreen.storyboard */,
				3B0BEFDD229E6D99009E06D1 /* Info.plist */,
			);
			path = MyMap;
			sourceTree = "<group>";
		};
/* End PBXGroup section */

/* Begin PBXNativeTarget section */
		3B0BEFCD229E6D97009E06D1 /* MyMap */ = {
			isa = PBXNativeTarget;
			buildConfigurationList = 3B0BEFE0229E6D99009E06D1 /* Build configuration list for PBXNativeTarget "MyMap" */;
			buildPhases = (
				3B0BEFCA229E6D97009E06D1 /* Sources */,
				3B0BEFCB229E6D97009E06D1 /* Frameworks */,
				3B0BEFCC229E6D97009E06D1 /* Resources */,
			);
			buildRules = (
			);
			dependencies = (
			);
			name = MyMap;
			productName = MyMap;
			productReference = 3B0BEFCE229E6D97009E06D1 /* MyMap.app */;
			productType = "com.apple.product-type.application";
		};
/* End PBXNativeTarget section */

/* Begin PBXProject section */
		3B0BEFC6229E6D97009E06D1 /* Project object */ = {
			isa = PBXProject;
			attributes = {
				LastSwiftUpdateCheck = 1010;
				LastUpgradeCheck = 1010;
				ORGANIZATIONNAME = "村田彩";
				TargetAttributes = {
					3B0BEFCD229E6D97009E06D1 = {
						CreatedOnToolsVersion = 10.1;
					};
				};
			};
			buildConfigurationList = 3B0BEFC9229E6D97009E06D1 /* Build configuration list for PBXProject "MyMap" */;
			compatibilityVersion = "Xcode 9.3";
			developmentRegion = en;
			hasScannedForEncodings = 0;
			knownRegions = (
				en,
				Base,
			);
			mainGroup = 3B0BEFC5229E6D97009E06D1;
			productRefGroup = 3B0BEFCF229E6D97009E06D1 /* Products */;
			projectDirPath = "";
			projectRoot = "";
			targets = (
				3B0BEFCD229E6D97009E06D1 /* MyMap */,
			);
		};
/* End PBXProject section */

/* Begin PBXResourcesBuildPhase section */
		3B0BEFCC229E6D97009E06D1 /* Resources */ = {
			isa = PBXResourcesBuildPhase;
			buildActionMask = 2147483647;
			files = (
				3B0BEFDC229E6D99009E06D1 /* LaunchScreen.storyboard in Resources */,
				3B0BEFD9229E6D99009E06D1 /* Assets.xcassets in Resources */,
				3B0BEFD7229E6D97009E06D1 /* Main.storyboard in Resources */,
			);
			runOnlyForDeploymentPostprocessing = 0;
		};
/* End PBXResourcesBuildPhase section */

/* Begin PBXSourcesBuildPhase section */
		3B0BEFCA229E6D97009E06D1 /* Sources */ = {
			isa = PBXSourcesBuildPhase;
			buildActionMask = 2147483647;
			files = (
				3B0BEFD4229E6D97009E06D1 /* ViewController.swift in Sources */,
				3B0BEFD2229E6D97009E06D1 /* AppDelegate.swift in Sources */,
			);
			runOnlyForDeploymentPostprocessing = 0;
		};
/* End PBXSourcesBuildPhase section */

/* Begin PBXVariantGroup section */
		3B0BEFD5229E6D97009E06D1 /* Main.storyboard */ = {
			isa = PBXVariantGroup;
			children = (
				3B0BEFD6229E6D97009E06D1 /* Base */,
				3B0FF8F022A13623003AF760 /* ja */,
			);
			name = Main.storyboard;
			sourceTree = "<group>";
		};
		3B0BEFDA229E6D99009E06D1 /* LaunchScreen.storyboard */ = {
			isa = PBXVariantGroup;
			children = (
				3B0BEFDB229E6D99009E06D1 /* Base */,
				3B0FF8F122A13624003AF760 /* ja */,
			);
			name = LaunchScreen.storyboard;
			sourceTree = "<group>";
		};
/* End PBXVariantGroup section */

/* Begin XCBuildConfiguration section */
		3B0BEFDE229E6D99009E06D1 /* Debug */ = {
			isa = XCBuildConfiguration;
			buildSettings = {
				ALWAYS_SEARCH_USER_PATHS = NO;
				CLANG_ANALYZER_LOCALIZABILITY_NONLOCALIZED = YES;
				CLANG_ANALYZER_NONNULL = YES;
				CLANG_ANALYZER_NUMBER_OBJECT_CONVERSION = YES_AGGRESSIVE;
				CLANG_CXX_LANGUAGE_STANDARD = "gnu++14";
				CLANG_CXX_LIBRARY = "libc++";
				CLANG_ENABLE_MODULES = YES;
				CLANG_ENABLE_OBJC_ARC = YES;
				CLANG_ENABLE_OBJC_WEAK = YES;
				CLANG_WARN_BLOCK_CAPTURE_AUTORELEASING = YES;
				CLANG_WARN_BOOL_CONVERSION = YES;
				CLANG_WARN_COMMA = YES;
				CLANG_WARN_CONSTANT_CONVERSION = YES;
				CLANG_WARN_DEPRECATED_OBJC_IMPLEMENTATIONS = YES;
				CLANG_WARN_DIRECT_OBJC_ISA_USAGE = YES_ERROR;
				CLANG_WARN_DOCUMENTATION_COMMENTS = YES;
				CLANG_WARN_EMPTY_BODY = YES;
				CLANG_WARN_ENUM_CONVERSION = YES;
				CLANG_WARN_INFINITE_RECURSION = YES;
				CLANG_WARN_INT_CONVERSION = YES;
				CLANG_WARN_NON_LITERAL_NULL_CONVERSION = YES;
				CLANG_WARN_OBJC_IMPLICIT_RETAIN_SELF = YES;
				CLANG_WARN_OBJC_LITERAL_CONVERSION = YES;
				CLANG_WARN_OBJC_ROOT_CLASS = YES_ERROR;
				CLANG_WARN_RANGE_LOOP_ANALYSIS = YES;
				CLANG_WARN_STRICT_PROTOTYPES = YES;
				CLANG_WARN_SUSPICIOUS_MOVE = YES;
				CLANG_WARN_UNGUARDED_AVAILABILITY = YES_AGGRESSIVE;
				CLANG_WARN_UNREACHABLE_CODE = YES;
				CLANG_WARN__DUPLICATE_METHOD_MATCH = YES;
				CODE_SIGN_IDENTITY = "iPhone Developer";
				COPY_PHASE_STRIP = NO;
				DEBUG_INFORMATION_FORMAT = dwarf;
				ENABLE_STRICT_OBJC_MSGSEND = YES;
				ENABLE_TESTABILITY = YES;
				GCC_C_LANGUAGE_STANDARD = gnu11;
				GCC_DYNAMIC_NO_PIC = NO;
				GCC_NO_COMMON_BLOCKS = YES;
				GCC_OPTIMIZATION_LEVEL = 0;
				GCC_PREPROCESSOR_DEFINITIONS = (
					"DEBUG=1",
					"$(inherited)",
				);
				GCC_WARN_64_TO_32_BIT_CONVERSION = YES;
				GCC_WARN_ABOUT_RETURN_TYPE = YES_ERROR;
				GCC_WARN_UNDECLARED_SELECTOR = YES;
				GCC_WARN_UNINITIALIZED_AUTOS = YES_AGGRESSIVE;
				GCC_WARN_UNUSED_FUNCTION = YES;
				GCC_WARN_UNUSED_VARIABLE = YES;
				IPHONEOS_DEPLOYMENT_TARGET = 12.1;
				MTL_ENABLE_DEBUG_INFO = INCLUDE_SOURCE;
				MTL_FAST_MATH = YES;
				ONLY_ACTIVE_ARCH = YES;
				SDKROOT = iphoneos;
				SWIFT_ACTIVE_COMPILATION_CONDITIONS = DEBUG;
				SWIFT_OPTIMIZATION_LEVEL = "-Onone";
			};
			name = Debug;
		};
		3B0BEFDF229E6D99009E06D1 /* Release */ = {
			isa = XCBuildConfiguration;
			buildSettings = {
				ALWAYS_SEARCH_USER_PATHS = NO;
				CLANG_ANALYZER_LOCALIZABILITY_NONLOCALIZED = YES;
				CLANG_ANALYZER_NONNULL = YES;
				CLANG_ANALYZER_NUMBER_OBJECT_CONVERSION = YES_AGGRESSIVE;
				CLANG_CXX_LANGUAGE_STANDARD = "gnu++14";
				CLANG_CXX_LIBRARY = "libc++";
				CLANG_ENABLE_MODULES = YES;
				CLANG_ENABLE_OBJC_ARC = YES;
				CLANG_ENABLE_OBJC_WEAK = YES;
				CLANG_WARN_BLOCK_CAPTURE_AUTORELEASING = YES;
				CLANG_WARN_BOOL_CONVERSION = YES;
				CLANG_WARN_COMMA = YES;
				CLANG_WARN_CONSTANT_CONVERSION = YES;
				CLANG_WARN_DEPRECATED_OBJC_IMPLEMENTATIONS = YES;
				CLANG_WARN_DIRECT_OBJC_ISA_USAGE = YES_ERROR;
				CLANG_WARN_DOCUMENTATION_COMMENTS = YES;
				CLANG_WARN_EMPTY_BODY = YES;
				CLANG_WARN_ENUM_CONVERSION = YES;
				CLANG_WARN_INFINITE_RECURSION = YES;
				CLANG_WARN_INT_CONVERSION = YES;
				CLANG_WARN_NON_LITERAL_NULL_CONVERSION = YES;
				CLANG_WARN_OBJC_IMPLICIT_RETAIN_SELF = YES;
				CLANG_WARN_OBJC_LITERAL_CONVERSION = YES;
				CLANG_WARN_OBJC_ROOT_CLASS = YES_ERROR;
				CLANG_WARN_RANGE_LOOP_ANALYSIS = YES;
				CLANG_WARN_STRICT_PROTOTYPES = YES;
				CLANG_WARN_SUSPICIOUS_MOVE = YES;
				CLANG_WARN_UNGUARDED_AVAILABILITY = YES_AGGRESSIVE;
				CLANG_WARN_UNREACHABLE_CODE = YES;
				CLANG_WARN__DUPLICATE_METHOD_MATCH = YES;
				CODE_SIGN_IDENTITY = "iPhone Developer";
				COPY_PHASE_STRIP = NO;
				DEBUG_INFORMATION_FORMAT = "dwarf-with-dsym";
				ENABLE_NS_ASSERTIONS = NO;
				ENABLE_STRICT_OBJC_MSGSEND = YES;
				GCC_C_LANGUAGE_STANDARD = gnu11;
				GCC_NO_COMMON_BLOCKS = YES;
				GCC_WARN_64_TO_32_BIT_CONVERSION = YES;
				GCC_WARN_ABOUT_RETURN_TYPE = YES_ERROR;
				GCC_WARN_UNDECLARED_SELECTOR = YES;
				GCC_WARN_UNINITIALIZED_AUTOS = YES_AGGRESSIVE;
				GCC_WARN_UNUSED_FUNCTION = YES;
				GCC_WARN_UNUSED_VARIABLE = YES;
				IPHONEOS_DEPLOYMENT_TARGET = 12.1;
				MTL_ENABLE_DEBUG_INFO = NO;
				MTL_FAST_MATH = YES;
				SDKROOT = iphoneos;
				SWIFT_COMPILATION_MODE = wholemodule;
				SWIFT_OPTIMIZATION_LEVEL = "-O";
				VALIDATE_PRODUCT = YES;
			};
			name = Release;
		};
		3B0BEFE1229E6D99009E06D1 /* Debug */ = {
			isa = XCBuildConfiguration;
			buildSettings = {
				ASSETCATALOG_COMPILER_APPICON_NAME = AppIcon;
				CODE_SIGN_STYLE = Automatic;
				INFOPLIST_FILE = MyMap/Info.plist;
				LD_RUNPATH_SEARCH_PATHS = (
					"$(inherited)",
					"@executable_path/Frameworks",
				);
				PRODUCT_BUNDLE_IDENTIFIER = AYAMURATA093.MyMap;
				PRODUCT_NAME = "$(TARGET_NAME)";
				SWIFT_VERSION = 4.2;
				TARGETED_DEVICE_FAMILY = "1,2";
			};
			name = Debug;
		};
		3B0BEFE2229E6D99009E06D1 /* Release */ = {
			isa = XCBuildConfiguration;
			buildSettings = {
				ASSETCATALOG_COMPILER_APPICON_NAME = AppIcon;
				CODE_SIGN_STYLE = Automatic;
				INFOPLIST_FILE = MyMap/Info.plist;
				LD_RUNPATH_SEARCH_PATHS = (
					"$(inherited)",
					"@executable_path/Frameworks",
				);
				PRODUCT_BUNDLE_IDENTIFIER = AYAMURATA093.MyMap;
				PRODUCT_NAME = "$(TARGET_NAME)";
				SWIFT_VERSION = 4.2;
				TARGETED_DEVICE_FAMILY = "1,2";
			};
			name = Release;
		};
/* End XCBuildConfiguration section */

/* Begin XCConfigurationList section */
		3B0BEFC9229E6D97009E06D1 /* Build configuration list for PBXProject "MyMap" */ = {
			isa = XCConfigurationList;
			buildConfigurations = (
				3B0BEFDE229E6D99009E06D1 /* Debug */,
				3B0BEFDF229E6D99009E06D1 /* Release */,
			);
			defaultConfigurationIsVisible = 0;
			defaultConfigurationName = Release;
		};
		3B0BEFE0229E6D99009E06D1 /* Build configuration list for PBXNativeTarget "MyMap" */ = {
			isa = XCConfigurationList;
			buildConfigurations = (
				3B0BEFE1229E6D99009E06D1 /* Debug */,
				3B0BEFE2229E6D99009E06D1 /* Release */,
			);
			defaultConfigurationIsVisible = 0;
			defaultConfigurationName = Release;
		};
/* End XCConfigurationList section */
	};
	rootObject = 3B0BEFC6229E6D97009E06D1 /* Project object */;
}
